
Microsoft Visual Studio Solution File, Format Version 12.00
# Visual Studio 2012
Project("{8BC9CEB8-8B4A-11D0-8D11-00A0C91BC942}") = "二叉树转链表", "二叉树转链表\二叉树转链表.vcxproj", "{59ECE5A9-AF4A-4E79-A8C4-79CC6C9CBC15}"
EndProject
Global
	GlobalSection(SolutionConfigurationPlatforms) = preSolution
		Debug|Win32 = Debug|Win32
		Release|Win32 = Release|Win32
	EndGlobalSection
	GlobalSection(ProjectConfigurationPlatforms) = postSolution
		{59ECE5A9-AF4A-4E79-A8C4-79CC6C9CBC15}.Debug|Win32.ActiveCfg = Debug|Win32
		{59ECE5A9-AF4A-4E79-A8C4-79CC6C9CBC15}.Debug|Win32.Build.0 = Debug|Win32
		{59ECE5A9-AF4A-4E79-A8C4-79CC6C9CBC15}.Release|Win32.ActiveCfg = Release|Win32
		{59ECE5A9-AF4A-4E79-A8C4-79CC6C9CBC15}.Release|Win32.Build.0 = Release|Win32
	EndGlobalSection
	GlobalSection(SolutionProperties) = preSolution
		HideSolutionNode = FALSE
	EndGlobalSection
EndGlobal
