
Microsoft Visual Studio Solution File, Format Version 12.00
# Visual Studio 2012
Project("{8BC9CEB8-8B4A-11D0-8D11-00A0C91BC942}") = "求子集2", "求子集2\求子集2.vcxproj", "{C3CF25B1-A2C8-4EC4-8102-205B62AAA77D}"
EndProject
Global
	GlobalSection(SolutionConfigurationPlatforms) = preSolution
		Debug|Win32 = Debug|Win32
		Release|Win32 = Release|Win32
	EndGlobalSection
	GlobalSection(ProjectConfigurationPlatforms) = postSolution
		{C3CF25B1-A2C8-4EC4-8102-205B62AAA77D}.Debug|Win32.ActiveCfg = Debug|Win32
		{C3CF25B1-A2C8-4EC4-8102-205B62AAA77D}.Debug|Win32.Build.0 = Debug|Win32
		{C3CF25B1-A2C8-4EC4-8102-205B62AAA77D}.Release|Win32.ActiveCfg = Release|Win32
		{C3CF25B1-A2C8-4EC4-8102-205B62AAA77D}.Release|Win32.Build.0 = Release|Win32
	EndGlobalSection
	GlobalSection(SolutionProperties) = preSolution
		HideSolutionNode = FALSE
	EndGlobalSection
EndGlobal
